
Microsoft Visual Studio Solution File, Format Version 12.00
# Visual Studio Version 17
VisualStudioVersion = 17.4.33110.190
MinimumVisualStudioVersion = 10.0.40219.1
Project("{9A19103F-16F7-4668-BE54-9A1E7A4F7556}") = "TextToSpeechWPF", "TextToSpeechWPF\TextToSpeechWPF.csproj", "{F6C9D153-7A1D-460B-B6AC-2245228634D6}"
EndProject
Project("{9A19103F-16F7-4668-BE54-9A1E7A4F7556}") = "API", "..\..\csharp_console\TextToSpeech\API\API.csproj", "{4BE9938A-D93C-4643-9D20-30F836783F18}"
EndProject
Global
	GlobalSection(SolutionConfigurationPlatforms) = preSolution
		Debug|Any CPU = Debug|Any CPU
		Release|Any CPU = Release|Any CPU
	EndGlobalSection
	GlobalSection(ProjectConfigurationPlatforms) = postSolution
		{F6C9D153-7A1D-460B-B6AC-2245228634D6}.Debug|Any CPU.ActiveCfg = Debug|Any CPU
		{F6C9D153-7A1D-460B-B6AC-2245228634D6}.Debug|Any CPU.Build.0 = Debug|Any CPU
		{F6C9D153-7A1D-460B-B6AC-2245228634D6}.Release|Any CPU.ActiveCfg = Release|Any CPU
		{F6C9D153-7A1D-460B-B6AC-2245228634D6}.Release|Any CPU.Build.0 = Release|Any CPU
		{4BE9938A-D93C-4643-9D20-30F836783F18}.Debug|Any CPU.ActiveCfg = Debug|Any CPU
		{4BE9938A-D93C-4643-9D20-30F836783F18}.Debug|Any CPU.Build.0 = Debug|Any CPU
		{4BE9938A-D93C-4643-9D20-30F836783F18}.Release|Any CPU.ActiveCfg = Release|Any CPU
		{4BE9938A-D93C-4643-9D20-30F836783F18}.Release|Any CPU.Build.0 = Release|Any CPU
	EndGlobalSection
	GlobalSection(SolutionProperties) = preSolution
		HideSolutionNode = FALSE
	EndGlobalSection
	GlobalSection(ExtensibilityGlobals) = postSolution
		SolutionGuid = {53ADEDA6-B3D2-40EA-BBD9-8F410AC2BA12}
	EndGlobalSection
EndGlobal
